
Microsoft Visual Studio Solution File, Format Version 12.00
# Visual Studio Version 16
VisualStudioVersion = 16.0.30804.86
MinimumVisualStudioVersion = 10.0.40219.1
Project("{9A19103F-16F7-4668-BE54-9A1E7A4F7556}") = "Yazilim Kampi", "Yazilim Kampi\Yazilim Kampi.csproj", "{0A78CA4B-4DF3-4F61-A41E-1EDB51862D26}"
EndProject
Project("{9A19103F-16F7-4668-BE54-9A1E7A4F7556}") = "Ders01_CampIntro", "Ders01_CampIntro\Ders01_CampIntro.csproj", "{7F7D1472-729F-4EFF-9AE1-DF89081C4A8B}"
EndProject
Project("{9A19103F-16F7-4668-BE54-9A1E7A4F7556}") = "Ders02_ClassIntro", "Ders02_ClassIntro\Ders02_ClassIntro.csproj", "{6C3E949E-9D85-4068-B6FB-97C814B1522C}"
EndProject
Project("{9A19103F-16F7-4668-BE54-9A1E7A4F7556}") = "Ders02_Donguler", "Ders02_Donguler\Ders02_Donguler.csproj", "{9DDDA4DA-3F7D-4505-97DC-A8F7698FFB7F}"
EndProject
Project("{9A19103F-16F7-4668-BE54-9A1E7A4F7556}") = "Ders02_Odev6", "Ders02_Odev6\Ders02_Odev6.csproj", "{CCFA3197-7902-4727-8773-774653A97316}"
EndProject
Project("{9A19103F-16F7-4668-BE54-9A1E7A4F7556}") = "Ders03_Metotlar", "Ders03_Metotlar\Ders03_Metotlar.csproj", "{2D19C242-E359-4D7A-848E-F1598F9E2024}"
EndProject
Project("{9A19103F-16F7-4668-BE54-9A1E7A4F7556}") = "Ders04_Collections", "Ders04_Collections\Ders04_Collections.csproj", "{3A39A8F3-0469-4618-9522-F7F3FABF9740}"
EndProject
Project("{9A19103F-16F7-4668-BE54-9A1E7A4F7556}") = "Ders04_GenericsIntro", "Ders04_GenericsIntro\Ders04_GenericsIntro.csproj", "{5BD8E89B-9D11-4613-BD12-B0F1BAE4D631}"
EndProject
Project("{9A19103F-16F7-4668-BE54-9A1E7A4F7556}") = "Ders04_OOP1", "Ders04_OOP1\Ders04_OOP1.csproj", "{F2A6C3C0-B627-4D12-B33A-BE4D53AAD36D}"
EndProject
Project("{9A19103F-16F7-4668-BE54-9A1E7A4F7556}") = "Ders05_OOP2", "Ders05_OOP2\Ders05_OOP2.csproj", "{D6CE5267-385C-47D0-BF4C-0249FE75CFBA}"
EndProject
Project("{9A19103F-16F7-4668-BE54-9A1E7A4F7556}") = "Ders05_OOP3", "Ders05_OOP3\Ders05_OOP3.csproj", "{255D5020-709F-4BFA-9F31-73D064E52D91}"
EndProject
Project("{9A19103F-16F7-4668-BE54-9A1E7A4F7556}") = "Ders05_Odev5", "Ders05_Odev5\Ders05_Odev5.csproj", "{7956CB92-5463-4F76-AABD-5725A9213459}"
EndProject
Project("{FAE04EC0-301F-11D3-BF4B-00C04F79EFBC}") = "Ders05_Odev5_2", "Ders05_Odev5_2\Ders05_Odev5_2.csproj", "{1EDFB748-B801-40CF-BE4B-186BA5B84FF6}"
EndProject
Global
	GlobalSection(SolutionConfigurationPlatforms) = preSolution
		Debug|Any CPU = Debug|Any CPU
		Release|Any CPU = Release|Any CPU
	EndGlobalSection
	GlobalSection(ProjectConfigurationPlatforms) = postSolution
		{0A78CA4B-4DF3-4F61-A41E-1EDB51862D26}.Debug|Any CPU.ActiveCfg = Debug|Any CPU
		{0A78CA4B-4DF3-4F61-A41E-1EDB51862D26}.Debug|Any CPU.Build.0 = Debug|Any CPU
		{0A78CA4B-4DF3-4F61-A41E-1EDB51862D26}.Release|Any CPU.ActiveCfg = Release|Any CPU
		{0A78CA4B-4DF3-4F61-A41E-1EDB51862D26}.Release|Any CPU.Build.0 = Release|Any CPU
		{7F7D1472-729F-4EFF-9AE1-DF89081C4A8B}.Debug|Any CPU.ActiveCfg = Debug|Any CPU
		{7F7D1472-729F-4EFF-9AE1-DF89081C4A8B}.Debug|Any CPU.Build.0 = Debug|Any CPU
		{7F7D1472-729F-4EFF-9AE1-DF89081C4A8B}.Release|Any CPU.ActiveCfg = Release|Any CPU
		{7F7D1472-729F-4EFF-9AE1-DF89081C4A8B}.Release|Any CPU.Build.0 = Release|Any CPU
		{6C3E949E-9D85-4068-B6FB-97C814B1522C}.Debug|Any CPU.ActiveCfg = Debug|Any CPU
		{6C3E949E-9D85-4068-B6FB-97C814B1522C}.Debug|Any CPU.Build.0 = Debug|Any CPU
		{6C3E949E-9D85-4068-B6FB-97C814B1522C}.Release|Any CPU.ActiveCfg = Release|Any CPU
		{6C3E949E-9D85-4068-B6FB-97C814B1522C}.Release|Any CPU.Build.0 = Release|Any CPU
		{9DDDA4DA-3F7D-4505-97DC-A8F7698FFB7F}.Debug|Any CPU.ActiveCfg = Debug|Any CPU
		{9DDDA4DA-3F7D-4505-97DC-A8F7698FFB7F}.Debug|Any CPU.Build.0 = Debug|Any CPU
		{9DDDA4DA-3F7D-4505-97DC-A8F7698FFB7F}.Release|Any CPU.ActiveCfg = Release|Any CPU
		{9DDDA4DA-3F7D-4505-97DC-A8F7698FFB7F}.Release|Any CPU.Build.0 = Release|Any CPU
		{CCFA3197-7902-4727-8773-774653A97316}.Debug|Any CPU.ActiveCfg = Debug|Any CPU
		{CCFA3197-7902-4727-8773-774653A97316}.Debug|Any CPU.Build.0 = Debug|Any CPU
		{CCFA3197-7902-4727-8773-774653A97316}.Release|Any CPU.ActiveCfg = Release|Any CPU
		{CCFA3197-7902-4727-8773-774653A97316}.Release|Any CPU.Build.0 = Release|Any CPU
		{2D19C242-E359-4D7A-848E-F1598F9E2024}.Debug|Any CPU.ActiveCfg = Debug|Any CPU
		{2D19C242-E359-4D7A-848E-F1598F9E2024}.Debug|Any CPU.Build.0 = Debug|Any CPU
		{2D19C242-E359-4D7A-848E-F1598F9E2024}.Release|Any CPU.ActiveCfg = Release|Any CPU
		{2D19C242-E359-4D7A-848E-F1598F9E2024}.Release|Any CPU.Build.0 = Release|Any CPU
		{3A39A8F3-0469-4618-9522-F7F3FABF9740}.Debug|Any CPU.ActiveCfg = Debug|Any CPU
		{3A39A8F3-0469-4618-9522-F7F3FABF9740}.Debug|Any CPU.Build.0 = Debug|Any CPU
		{3A39A8F3-0469-4618-9522-F7F3FABF9740}.Release|Any CPU.ActiveCfg = Release|Any CPU
		{3A39A8F3-0469-4618-9522-F7F3FABF9740}.Release|Any CPU.Build.0 = Release|Any CPU
		{5BD8E89B-9D11-4613-BD12-B0F1BAE4D631}.Debug|Any CPU.ActiveCfg = Debug|Any CPU
		{5BD8E89B-9D11-4613-BD12-B0F1BAE4D631}.Debug|Any CPU.Build.0 = Debug|Any CPU
		{5BD8E89B-9D11-4613-BD12-B0F1BAE4D631}.Release|Any CPU.ActiveCfg = Release|Any CPU
		{5BD8E89B-9D11-4613-BD12-B0F1BAE4D631}.Release|Any CPU.Build.0 = Release|Any CPU
		{F2A6C3C0-B627-4D12-B33A-BE4D53AAD36D}.Debug|Any CPU.ActiveCfg = Debug|Any CPU
		{F2A6C3C0-B627-4D12-B33A-BE4D53AAD36D}.Debug|Any CPU.Build.0 = Debug|Any CPU
		{F2A6C3C0-B627-4D12-B33A-BE4D53AAD36D}.Release|Any CPU.ActiveCfg = Release|Any CPU
		{F2A6C3C0-B627-4D12-B33A-BE4D53AAD36D}.Release|Any CPU.Build.0 = Release|Any CPU
		{D6CE5267-385C-47D0-BF4C-0249FE75CFBA}.Debug|Any CPU.ActiveCfg = Debug|Any CPU
		{D6CE5267-385C-47D0-BF4C-0249FE75CFBA}.Debug|Any CPU.Build.0 = Debug|Any CPU
		{D6CE5267-385C-47D0-BF4C-0249FE75CFBA}.Release|Any CPU.ActiveCfg = Release|Any CPU
		{D6CE5267-385C-47D0-BF4C-0249FE75CFBA}.Release|Any CPU.Build.0 = Release|Any CPU
		{255D5020-709F-4BFA-9F31-73D064E52D91}.Debug|Any CPU.ActiveCfg = Debug|Any CPU
		{255D5020-709F-4BFA-9F31-73D064E52D91}.Debug|Any CPU.Build.0 = Debug|Any CPU
		{255D5020-709F-4BFA-9F31-73D064E52D91}.Release|Any CPU.ActiveCfg = Release|Any CPU
		{255D5020-709F-4BFA-9F31-73D064E52D91}.Release|Any CPU.Build.0 = Release|Any CPU
		{7956CB92-5463-4F76-AABD-5725A9213459}.Debug|Any CPU.ActiveCfg = Debug|Any CPU
		{7956CB92-5463-4F76-AABD-5725A9213459}.Debug|Any CPU.Build.0 = Debug|Any CPU
		{7956CB92-5463-4F76-AABD-5725A9213459}.Release|Any CPU.ActiveCfg = Release|Any CPU
		{7956CB92-5463-4F76-AABD-5725A9213459}.Release|Any CPU.Build.0 = Release|Any CPU
		{1EDFB748-B801-40CF-BE4B-186BA5B84FF6}.Debug|Any CPU.ActiveCfg = Debug|Any CPU
		{1EDFB748-B801-40CF-BE4B-186BA5B84FF6}.Debug|Any CPU.Build.0 = Debug|Any CPU
		{1EDFB748-B801-40CF-BE4B-186BA5B84FF6}.Release|Any CPU.ActiveCfg = Release|Any CPU
		{1EDFB748-B801-40CF-BE4B-186BA5B84FF6}.Release|Any CPU.Build.0 = Release|Any CPU
	EndGlobalSection
	GlobalSection(SolutionProperties) = preSolution
		HideSolutionNode = FALSE
	EndGlobalSection
	GlobalSection(ExtensibilityGlobals) = postSolution
		SolutionGuid = {A7FC8400-ECAB-46D3-AAA8-8525FDFC64CD}
	EndGlobalSection
EndGlobal
