
Microsoft Visual Studio Solution File, Format Version 12.00
# Visual Studio Version 16
VisualStudioVersion = 16.0.30804.86
MinimumVisualStudioVersion = 10.0.40219.1
Project("{9A19103F-16F7-4668-BE54-9A1E7A4F7556}") = "Yazilim Kampi", "Yazilim Kampi\Yazilim Kampi.csproj", "{0A78CA4B-4DF3-4F61-A41E-1EDB51862D26}"
EndProject
Project("{9A19103F-16F7-4668-BE54-9A1E7A4F7556}") = "Ders01_CampIntro", "Ders01_CampIntro\Ders01_CampIntro.csproj", "{7F7D1472-729F-4EFF-9AE1-DF89081C4A8B}"
EndProject
Project("{FAE04EC0-301F-11D3-BF4B-00C04F79EFBC}") = "Ders02_ClassIntro", "Ders02_ClassIntro\Ders02_ClassIntro.csproj", "{6C3E949E-9D85-4068-B6FB-97C814B1522C}"
EndProject
Project("{FAE04EC0-301F-11D3-BF4B-00C04F79EFBC}") = "Ders02_Donguler", "Ders02_Donguler\Ders02_Donguler.csproj", "{9DDDA4DA-3F7D-4505-97DC-A8F7698FFB7F}"
EndProject
Project("{FAE04EC0-301F-11D3-BF4B-00C04F79EFBC}") = "Ders02_Odev6", "Ders02_Odev6\Ders02_Odev6.csproj", "{CCFA3197-7902-4727-8773-774653A97316}"
EndProject
Global
	GlobalSection(SolutionConfigurationPlatforms) = preSolution
		Debug|Any CPU = Debug|Any CPU
		Release|Any CPU = Release|Any CPU
	EndGlobalSection
	GlobalSection(ProjectConfigurationPlatforms) = postSolution
		{0A78CA4B-4DF3-4F61-A41E-1EDB51862D26}.Debug|Any CPU.ActiveCfg = Debug|Any CPU
		{0A78CA4B-4DF3-4F61-A41E-1EDB51862D26}.Debug|Any CPU.Build.0 = Debug|Any CPU
		{0A78CA4B-4DF3-4F61-A41E-1EDB51862D26}.Release|Any CPU.ActiveCfg = Release|Any CPU
		{0A78CA4B-4DF3-4F61-A41E-1EDB51862D26}.Release|Any CPU.Build.0 = Release|Any CPU
		{7F7D1472-729F-4EFF-9AE1-DF89081C4A8B}.Debug|Any CPU.ActiveCfg = Debug|Any CPU
		{7F7D1472-729F-4EFF-9AE1-DF89081C4A8B}.Debug|Any CPU.Build.0 = Debug|Any CPU
		{7F7D1472-729F-4EFF-9AE1-DF89081C4A8B}.Release|Any CPU.ActiveCfg = Release|Any CPU
		{7F7D1472-729F-4EFF-9AE1-DF89081C4A8B}.Release|Any CPU.Build.0 = Release|Any CPU
		{6C3E949E-9D85-4068-B6FB-97C814B1522C}.Debug|Any CPU.ActiveCfg = Debug|Any CPU
		{6C3E949E-9D85-4068-B6FB-97C814B1522C}.Debug|Any CPU.Build.0 = Debug|Any CPU
		{6C3E949E-9D85-4068-B6FB-97C814B1522C}.Release|Any CPU.ActiveCfg = Release|Any CPU
		{6C3E949E-9D85-4068-B6FB-97C814B1522C}.Release|Any CPU.Build.0 = Release|Any CPU
		{9DDDA4DA-3F7D-4505-97DC-A8F7698FFB7F}.Debug|Any CPU.ActiveCfg = Debug|Any CPU
		{9DDDA4DA-3F7D-4505-97DC-A8F7698FFB7F}.Debug|Any CPU.Build.0 = Debug|Any CPU
		{9DDDA4DA-3F7D-4505-97DC-A8F7698FFB7F}.Release|Any CPU.ActiveCfg = Release|Any CPU
		{9DDDA4DA-3F7D-4505-97DC-A8F7698FFB7F}.Release|Any CPU.Build.0 = Release|Any CPU
		{CCFA3197-7902-4727-8773-774653A97316}.Debug|Any CPU.ActiveCfg = Debug|Any CPU
		{CCFA3197-7902-4727-8773-774653A97316}.Debug|Any CPU.Build.0 = Debug|Any CPU
		{CCFA3197-7902-4727-8773-774653A97316}.Release|Any CPU.ActiveCfg = Release|Any CPU
		{CCFA3197-7902-4727-8773-774653A97316}.Release|Any CPU.Build.0 = Release|Any CPU
	EndGlobalSection
	GlobalSection(SolutionProperties) = preSolution
		HideSolutionNode = FALSE
	EndGlobalSection
	GlobalSection(ExtensibilityGlobals) = postSolution
		SolutionGuid = {A7FC8400-ECAB-46D3-AAA8-8525FDFC64CD}
	EndGlobalSection
EndGlobal
